
Microsoft Visual Studio Solution File, Format Version 12.00
# Visual Studio 15
VisualStudioVersion = 15.0.26730.8
MinimumVisualStudioVersion = 10.0.40219.1
Project("{FAE04EC0-301F-11D3-BF4B-00C04F79EFBC}") = "Puzzles", "Puzzles\Puzzles.csproj", "{877ADB81-E6AB-4107-B8AE-7CCC7AFCB7D7}"
EndProject
Global
	GlobalSection(SolutionConfigurationPlatforms) = preSolution
		Debug|Any CPU = Debug|Any CPU
		Release|Any CPU = Release|Any CPU
	EndGlobalSection
	GlobalSection(ProjectConfigurationPlatforms) = postSolution
		{877ADB81-E6AB-4107-B8AE-7CCC7AFCB7D7}.Debug|Any CPU.ActiveCfg = Debug|Any CPU
		{877ADB81-E6AB-4107-B8AE-7CCC7AFCB7D7}.Debug|Any CPU.Build.0 = Debug|Any CPU
		{877ADB81-E6AB-4107-B8AE-7CCC7AFCB7D7}.Release|Any CPU.ActiveCfg = Release|Any CPU
		{877ADB81-E6AB-4107-B8AE-7CCC7AFCB7D7}.Release|Any CPU.Build.0 = Release|Any CPU
	EndGlobalSection
	GlobalSection(SolutionProperties) = preSolution
		HideSolutionNode = FALSE
	EndGlobalSection
	GlobalSection(ExtensibilityGlobals) = postSolution
		SolutionGuid = {BD7DE5D7-4392-4498-A7BF-FED147CFB257}
	EndGlobalSection
EndGlobal
